
Microsoft Visual Studio Solution File, Format Version 12.00
# Visual Studio Version 17
VisualStudioVersion = 17.0.31903.59
MinimumVisualStudioVersion = 10.0.40219.1
Project("{2150E333-8FDC-42A3-9474-1A3956D46DE8}") = "src", "src", "{827E0CD3-B72D-47B6-A68D-7590B98EB39B}"
EndProject
Project("{2150E333-8FDC-42A3-9474-1A3956D46DE8}") = "Core", "Core", "{8D626EA8-CB54-BC41-363A-217881BEBA6E}"
EndProject
Project("{FAE04EC0-301F-11D3-BF4B-00C04F79EFBC}") = "Vanguard.Application", "src\Core\Vanguard.Application\Vanguard.Application.csproj", "{072E2DF2-64D6-4114-8337-382AA6C0EF37}"
EndProject
Project("{FAE04EC0-301F-11D3-BF4B-00C04F79EFBC}") = "Vanguard.Core", "src\Core\Vanguard.Core\Vanguard.Core.csproj", "{57C5E989-5766-45A0-91FC-9F5D6E06B47B}"
EndProject
Project("{FAE04EC0-301F-11D3-BF4B-00C04F79EFBC}") = "Vanguard.Domain", "src\Core\Vanguard.Domain\Vanguard.Domain.csproj", "{6AF41876-08F7-4B92-AA1F-D3C6EBDE7FD7}"
EndProject
Project("{2150E333-8FDC-42A3-9474-1A3956D46DE8}") = "Infrastructure", "Infrastructure", "{9048EB7F-3875-A59E-E36B-5BD4C6F2A282}"
EndProject
Project("{FAE04EC0-301F-11D3-BF4B-00C04F79EFBC}") = "Vanguard.Infrastructure", "src\Infrastructure\Vanguard.Infrastructure\Vanguard.Infrastructure.csproj", "{42818990-CD53-479B-8965-347DC2279B18}"
EndProject
Project("{FAE04EC0-301F-11D3-BF4B-00C04F79EFBC}") = "Vanguard.Persistence", "src\Infrastructure\Vanguard.Persistence\Vanguard.Persistence.csproj", "{47DC0166-90FC-4B2C-862A-58BC5F09C691}"
EndProject
Project("{2150E333-8FDC-42A3-9474-1A3956D46DE8}") = "Web", "Web", "{03997797-E7F5-0643-168D-B8EA7178C2FE}"
EndProject
Project("{FAE04EC0-301F-11D3-BF4B-00C04F79EFBC}") = "Vanguard.WebApi", "src\Web\Vanguard.WebApi\Vanguard.WebApi.csproj", "{B3AF86C3-6C24-48FF-AA54-FA67AE5AE68E}"
EndProject
Project("{2150E333-8FDC-42A3-9474-1A3956D46DE8}") = "test", "test", "{0C88DD14-F956-CE84-757C-A364CCF449FC}"
EndProject
Project("{FAE04EC0-301F-11D3-BF4B-00C04F79EFBC}") = "Vanguard.Application.UnitTests", "test\Vanguard.Application.UnitTests\Vanguard.Application.UnitTests.csproj", "{517C6D2E-1D5E-4A7D-BA09-EF780509EB89}"
EndProject
Project("{FAE04EC0-301F-11D3-BF4B-00C04F79EFBC}") = "Vanguard.Domain.UnitTests", "test\Vanguard.Domain.UnitTests\Vanguard.Domain.UnitTests.csproj", "{38136F01-596C-408C-A060-AA9D3D12CB3C}"
EndProject
Global
	GlobalSection(SolutionConfigurationPlatforms) = preSolution
		Debug|Any CPU = Debug|Any CPU
		Debug|x64 = Debug|x64
		Debug|x86 = Debug|x86
		Release|Any CPU = Release|Any CPU
		Release|x64 = Release|x64
		Release|x86 = Release|x86
	EndGlobalSection
	GlobalSection(ProjectConfigurationPlatforms) = postSolution
		{072E2DF2-64D6-4114-8337-382AA6C0EF37}.Debug|Any CPU.ActiveCfg = Debug|Any CPU
		{072E2DF2-64D6-4114-8337-382AA6C0EF37}.Debug|Any CPU.Build.0 = Debug|Any CPU
		{072E2DF2-64D6-4114-8337-382AA6C0EF37}.Debug|x64.ActiveCfg = Debug|Any CPU
		{072E2DF2-64D6-4114-8337-382AA6C0EF37}.Debug|x64.Build.0 = Debug|Any CPU
		{072E2DF2-64D6-4114-8337-382AA6C0EF37}.Debug|x86.ActiveCfg = Debug|Any CPU
		{072E2DF2-64D6-4114-8337-382AA6C0EF37}.Debug|x86.Build.0 = Debug|Any CPU
		{072E2DF2-64D6-4114-8337-382AA6C0EF37}.Release|Any CPU.ActiveCfg = Release|Any CPU
		{072E2DF2-64D6-4114-8337-382AA6C0EF37}.Release|Any CPU.Build.0 = Release|Any CPU
		{072E2DF2-64D6-4114-8337-382AA6C0EF37}.Release|x64.ActiveCfg = Release|Any CPU
		{072E2DF2-64D6-4114-8337-382AA6C0EF37}.Release|x64.Build.0 = Release|Any CPU
		{072E2DF2-64D6-4114-8337-382AA6C0EF37}.Release|x86.ActiveCfg = Release|Any CPU
		{072E2DF2-64D6-4114-8337-382AA6C0EF37}.Release|x86.Build.0 = Release|Any CPU
		{57C5E989-5766-45A0-91FC-9F5D6E06B47B}.Debug|Any CPU.ActiveCfg = Debug|Any CPU
		{57C5E989-5766-45A0-91FC-9F5D6E06B47B}.Debug|Any CPU.Build.0 = Debug|Any CPU
		{57C5E989-5766-45A0-91FC-9F5D6E06B47B}.Debug|x64.ActiveCfg = Debug|Any CPU
		{57C5E989-5766-45A0-91FC-9F5D6E06B47B}.Debug|x64.Build.0 = Debug|Any CPU
		{57C5E989-5766-45A0-91FC-9F5D6E06B47B}.Debug|x86.ActiveCfg = Debug|Any CPU
		{57C5E989-5766-45A0-91FC-9F5D6E06B47B}.Debug|x86.Build.0 = Debug|Any CPU
		{57C5E989-5766-45A0-91FC-9F5D6E06B47B}.Release|Any CPU.ActiveCfg = Release|Any CPU
		{57C5E989-5766-45A0-91FC-9F5D6E06B47B}.Release|Any CPU.Build.0 = Release|Any CPU
		{57C5E989-5766-45A0-91FC-9F5D6E06B47B}.Release|x64.ActiveCfg = Release|Any CPU
		{57C5E989-5766-45A0-91FC-9F5D6E06B47B}.Release|x64.Build.0 = Release|Any CPU
		{57C5E989-5766-45A0-91FC-9F5D6E06B47B}.Release|x86.ActiveCfg = Release|Any CPU
		{57C5E989-5766-45A0-91FC-9F5D6E06B47B}.Release|x86.Build.0 = Release|Any CPU
		{6AF41876-08F7-4B92-AA1F-D3C6EBDE7FD7}.Debug|Any CPU.ActiveCfg = Debug|Any CPU
		{6AF41876-08F7-4B92-AA1F-D3C6EBDE7FD7}.Debug|Any CPU.Build.0 = Debug|Any CPU
		{6AF41876-08F7-4B92-AA1F-D3C6EBDE7FD7}.Debug|x64.ActiveCfg = Debug|Any CPU
		{6AF41876-08F7-4B92-AA1F-D3C6EBDE7FD7}.Debug|x64.Build.0 = Debug|Any CPU
		{6AF41876-08F7-4B92-AA1F-D3C6EBDE7FD7}.Debug|x86.ActiveCfg = Debug|Any CPU
		{6AF41876-08F7-4B92-AA1F-D3C6EBDE7FD7}.Debug|x86.Build.0 = Debug|Any CPU
		{6AF41876-08F7-4B92-AA1F-D3C6EBDE7FD7}.Release|Any CPU.ActiveCfg = Release|Any CPU
		{6AF41876-08F7-4B92-AA1F-D3C6EBDE7FD7}.Release|Any CPU.Build.0 = Release|Any CPU
		{6AF41876-08F7-4B92-AA1F-D3C6EBDE7FD7}.Release|x64.ActiveCfg = Release|Any CPU
		{6AF41876-08F7-4B92-AA1F-D3C6EBDE7FD7}.Release|x64.Build.0 = Release|Any CPU
		{6AF41876-08F7-4B92-AA1F-D3C6EBDE7FD7}.Release|x86.ActiveCfg = Release|Any CPU
		{6AF41876-08F7-4B92-AA1F-D3C6EBDE7FD7}.Release|x86.Build.0 = Release|Any CPU
		{42818990-CD53-479B-8965-347DC2279B18}.Debug|Any CPU.ActiveCfg = Debug|Any CPU
		{42818990-CD53-479B-8965-347DC2279B18}.Debug|Any CPU.Build.0 = Debug|Any CPU
		{42818990-CD53-479B-8965-347DC2279B18}.Debug|x64.ActiveCfg = Debug|Any CPU
		{42818990-CD53-479B-8965-347DC2279B18}.Debug|x64.Build.0 = Debug|Any CPU
		{42818990-CD53-479B-8965-347DC2279B18}.Debug|x86.ActiveCfg = Debug|Any CPU
		{42818990-CD53-479B-8965-347DC2279B18}.Debug|x86.Build.0 = Debug|Any CPU
		{42818990-CD53-479B-8965-347DC2279B18}.Release|Any CPU.ActiveCfg = Release|Any CPU
		{42818990-CD53-479B-8965-347DC2279B18}.Release|Any CPU.Build.0 = Release|Any CPU
		{42818990-CD53-479B-8965-347DC2279B18}.Release|x64.ActiveCfg = Release|Any CPU
		{42818990-CD53-479B-8965-347DC2279B18}.Release|x64.Build.0 = Release|Any CPU
		{42818990-CD53-479B-8965-347DC2279B18}.Release|x86.ActiveCfg = Release|Any CPU
		{42818990-CD53-479B-8965-347DC2279B18}.Release|x86.Build.0 = Release|Any CPU
		{47DC0166-90FC-4B2C-862A-58BC5F09C691}.Debug|Any CPU.ActiveCfg = Debug|Any CPU
		{47DC0166-90FC-4B2C-862A-58BC5F09C691}.Debug|Any CPU.Build.0 = Debug|Any CPU
		{47DC0166-90FC-4B2C-862A-58BC5F09C691}.Debug|x64.ActiveCfg = Debug|Any CPU
		{47DC0166-90FC-4B2C-862A-58BC5F09C691}.Debug|x64.Build.0 = Debug|Any CPU
		{47DC0166-90FC-4B2C-862A-58BC5F09C691}.Debug|x86.ActiveCfg = Debug|Any CPU
		{47DC0166-90FC-4B2C-862A-58BC5F09C691}.Debug|x86.Build.0 = Debug|Any CPU
		{47DC0166-90FC-4B2C-862A-58BC5F09C691}.Release|Any CPU.ActiveCfg = Release|Any CPU
		{47DC0166-90FC-4B2C-862A-58BC5F09C691}.Release|Any CPU.Build.0 = Release|Any CPU
		{47DC0166-90FC-4B2C-862A-58BC5F09C691}.Release|x64.ActiveCfg = Release|Any CPU
		{47DC0166-90FC-4B2C-862A-58BC5F09C691}.Release|x64.Build.0 = Release|Any CPU
		{47DC0166-90FC-4B2C-862A-58BC5F09C691}.Release|x86.ActiveCfg = Release|Any CPU
		{47DC0166-90FC-4B2C-862A-58BC5F09C691}.Release|x86.Build.0 = Release|Any CPU
		{B3AF86C3-6C24-48FF-AA54-FA67AE5AE68E}.Debug|Any CPU.ActiveCfg = Debug|Any CPU
		{B3AF86C3-6C24-48FF-AA54-FA67AE5AE68E}.Debug|Any CPU.Build.0 = Debug|Any CPU
		{B3AF86C3-6C24-48FF-AA54-FA67AE5AE68E}.Debug|x64.ActiveCfg = Debug|Any CPU
		{B3AF86C3-6C24-48FF-AA54-FA67AE5AE68E}.Debug|x64.Build.0 = Debug|Any CPU
		{B3AF86C3-6C24-48FF-AA54-FA67AE5AE68E}.Debug|x86.ActiveCfg = Debug|Any CPU
		{B3AF86C3-6C24-48FF-AA54-FA67AE5AE68E}.Debug|x86.Build.0 = Debug|Any CPU
		{B3AF86C3-6C24-48FF-AA54-FA67AE5AE68E}.Release|Any CPU.ActiveCfg = Release|Any CPU
		{B3AF86C3-6C24-48FF-AA54-FA67AE5AE68E}.Release|Any CPU.Build.0 = Release|Any CPU
		{B3AF86C3-6C24-48FF-AA54-FA67AE5AE68E}.Release|x64.ActiveCfg = Release|Any CPU
		{B3AF86C3-6C24-48FF-AA54-FA67AE5AE68E}.Release|x64.Build.0 = Release|Any CPU
		{B3AF86C3-6C24-48FF-AA54-FA67AE5AE68E}.Release|x86.ActiveCfg = Release|Any CPU
		{B3AF86C3-6C24-48FF-AA54-FA67AE5AE68E}.Release|x86.Build.0 = Release|Any CPU
		{517C6D2E-1D5E-4A7D-BA09-EF780509EB89}.Debug|Any CPU.ActiveCfg = Debug|Any CPU
		{517C6D2E-1D5E-4A7D-BA09-EF780509EB89}.Debug|Any CPU.Build.0 = Debug|Any CPU
		{517C6D2E-1D5E-4A7D-BA09-EF780509EB89}.Debug|x64.ActiveCfg = Debug|Any CPU
		{517C6D2E-1D5E-4A7D-BA09-EF780509EB89}.Debug|x64.Build.0 = Debug|Any CPU
		{517C6D2E-1D5E-4A7D-BA09-EF780509EB89}.Debug|x86.ActiveCfg = Debug|Any CPU
		{517C6D2E-1D5E-4A7D-BA09-EF780509EB89}.Debug|x86.Build.0 = Debug|Any CPU
		{517C6D2E-1D5E-4A7D-BA09-EF780509EB89}.Release|Any CPU.ActiveCfg = Release|Any CPU
		{517C6D2E-1D5E-4A7D-BA09-EF780509EB89}.Release|Any CPU.Build.0 = Release|Any CPU
		{517C6D2E-1D5E-4A7D-BA09-EF780509EB89}.Release|x64.ActiveCfg = Release|Any CPU
		{517C6D2E-1D5E-4A7D-BA09-EF780509EB89}.Release|x64.Build.0 = Release|Any CPU
		{517C6D2E-1D5E-4A7D-BA09-EF780509EB89}.Release|x86.ActiveCfg = Release|Any CPU
		{517C6D2E-1D5E-4A7D-BA09-EF780509EB89}.Release|x86.Build.0 = Release|Any CPU
		{38136F01-596C-408C-A060-AA9D3D12CB3C}.Debug|Any CPU.ActiveCfg = Debug|Any CPU
		{38136F01-596C-408C-A060-AA9D3D12CB3C}.Debug|Any CPU.Build.0 = Debug|Any CPU
		{38136F01-596C-408C-A060-AA9D3D12CB3C}.Debug|x64.ActiveCfg = Debug|Any CPU
		{38136F01-596C-408C-A060-AA9D3D12CB3C}.Debug|x64.Build.0 = Debug|Any CPU
		{38136F01-596C-408C-A060-AA9D3D12CB3C}.Debug|x86.ActiveCfg = Debug|Any CPU
		{38136F01-596C-408C-A060-AA9D3D12CB3C}.Debug|x86.Build.0 = Debug|Any CPU
		{38136F01-596C-408C-A060-AA9D3D12CB3C}.Release|Any CPU.ActiveCfg = Release|Any CPU
		{38136F01-596C-408C-A060-AA9D3D12CB3C}.Release|Any CPU.Build.0 = Release|Any CPU
		{38136F01-596C-408C-A060-AA9D3D12CB3C}.Release|x64.ActiveCfg = Release|Any CPU
		{38136F01-596C-408C-A060-AA9D3D12CB3C}.Release|x64.Build.0 = Release|Any CPU
		{38136F01-596C-408C-A060-AA9D3D12CB3C}.Release|x86.ActiveCfg = Release|Any CPU
		{38136F01-596C-408C-A060-AA9D3D12CB3C}.Release|x86.Build.0 = Release|Any CPU
	EndGlobalSection
	GlobalSection(SolutionProperties) = preSolution
		HideSolutionNode = FALSE
	EndGlobalSection
	GlobalSection(NestedProjects) = preSolution
		{8D626EA8-CB54-BC41-363A-217881BEBA6E} = {827E0CD3-B72D-47B6-A68D-7590B98EB39B}
		{072E2DF2-64D6-4114-8337-382AA6C0EF37} = {8D626EA8-CB54-BC41-363A-217881BEBA6E}
		{57C5E989-5766-45A0-91FC-9F5D6E06B47B} = {8D626EA8-CB54-BC41-363A-217881BEBA6E}
		{6AF41876-08F7-4B92-AA1F-D3C6EBDE7FD7} = {8D626EA8-CB54-BC41-363A-217881BEBA6E}
		{9048EB7F-3875-A59E-E36B-5BD4C6F2A282} = {827E0CD3-B72D-47B6-A68D-7590B98EB39B}
		{42818990-CD53-479B-8965-347DC2279B18} = {9048EB7F-3875-A59E-E36B-5BD4C6F2A282}
		{47DC0166-90FC-4B2C-862A-58BC5F09C691} = {9048EB7F-3875-A59E-E36B-5BD4C6F2A282}
		{03997797-E7F5-0643-168D-B8EA7178C2FE} = {827E0CD3-B72D-47B6-A68D-7590B98EB39B}
		{B3AF86C3-6C24-48FF-AA54-FA67AE5AE68E} = {03997797-E7F5-0643-168D-B8EA7178C2FE}
		{517C6D2E-1D5E-4A7D-BA09-EF780509EB89} = {0C88DD14-F956-CE84-757C-A364CCF449FC}
		{38136F01-596C-408C-A060-AA9D3D12CB3C} = {0C88DD14-F956-CE84-757C-A364CCF449FC}
	EndGlobalSection
	GlobalSection(ExtensibilityGlobals) = postSolution
		SolutionGuid = {4C37FA22-329F-4D9F-97E1-695C64727BD3}
	EndGlobalSection
EndGlobal
